
Microsoft Visual Studio Solution File, Format Version 12.00
# Visual Studio 15
VisualStudioVersion = 15.0.27004.2005
MinimumVisualStudioVersion = 10.0.40219.1
Project("{E24C65DC-7377-472B-9ABA-BC803B73C61A}") = "NepalTravelTourism", "..\..\WebSites\NepalTravelTourism\", "{E1E11A3D-54F3-42B0-BACA-9336FDCAE041}"
	ProjectSection(WebsiteProperties) = preProject
		TargetFrameworkMoniker = ".NETFramework,Version%3Dv4.6.1"
		Debug.AspNetCompiler.VirtualPath = "/localhost_63683"
		Debug.AspNetCompiler.PhysicalPath = "..\..\WebSites\NepalTravelTourism\"
		Debug.AspNetCompiler.TargetPath = "PrecompiledWeb\localhost_63683\"
		Debug.AspNetCompiler.Updateable = "true"
		Debug.AspNetCompiler.ForceOverwrite = "true"
		Debug.AspNetCompiler.FixedNames = "false"
		Debug.AspNetCompiler.Debug = "True"
		Release.AspNetCompiler.VirtualPath = "/localhost_63683"
		Release.AspNetCompiler.PhysicalPath = "..\..\WebSites\NepalTravelTourism\"
		Release.AspNetCompiler.TargetPath = "PrecompiledWeb\localhost_63683\"
		Release.AspNetCompiler.Updateable = "true"
		Release.AspNetCompiler.ForceOverwrite = "true"
		Release.AspNetCompiler.FixedNames = "false"
		Release.AspNetCompiler.Debug = "False"
		VWDPort = "63683"
		SlnRelativePath = "..\..\WebSites\NepalTravelTourism\"
		DefaultWebSiteLanguage = "Visual C#"
	EndProjectSection
EndProject
Global
	GlobalSection(SolutionConfigurationPlatforms) = preSolution
		Debug|Any CPU = Debug|Any CPU
	EndGlobalSection
	GlobalSection(ProjectConfigurationPlatforms) = postSolution
		{E1E11A3D-54F3-42B0-BACA-9336FDCAE041}.Debug|Any CPU.ActiveCfg = Debug|Any CPU
		{E1E11A3D-54F3-42B0-BACA-9336FDCAE041}.Debug|Any CPU.Build.0 = Debug|Any CPU
	EndGlobalSection
	GlobalSection(SolutionProperties) = preSolution
		HideSolutionNode = FALSE
	EndGlobalSection
	GlobalSection(ExtensibilityGlobals) = postSolution
		SolutionGuid = {3CB5C99A-190C-45E3-8428-016329ADFEF4}
	EndGlobalSection
EndGlobal
